
Microsoft Visual Studio Solution File, Format Version 12.00
# Visual Studio Version 17
VisualStudioVersion = 17.8.34330.188
MinimumVisualStudioVersion = 10.0.40219.1
Project("{9A19103F-16F7-4668-BE54-9A1E7A4F7556}") = "SpiritReforged", "SpiritReforged.csproj", "{8A6C51E8-53C5-47DF-B2CD-36DB993E4756}"
EndProject
Global
	GlobalSection(SolutionConfigurationPlatforms) = preSolution
		Debug|Any CPU = Debug|Any CPU
		Release|Any CPU = Release|Any CPU
	EndGlobalSection
	GlobalSection(ProjectConfigurationPlatforms) = postSolution
		{8A6C51E8-53C5-47DF-B2CD-36DB993E4756}.Debug|Any CPU.ActiveCfg = Debug|Any CPU
		{8A6C51E8-53C5-47DF-B2CD-36DB993E4756}.Debug|Any CPU.Build.0 = Debug|Any CPU
		{8A6C51E8-53C5-47DF-B2CD-36DB993E4756}.Release|Any CPU.ActiveCfg = Release|Any CPU
		{8A6C51E8-53C5-47DF-B2CD-36DB993E4756}.Release|Any CPU.Build.0 = Release|Any CPU
	EndGlobalSection
	GlobalSection(SolutionProperties) = preSolution
		HideSolutionNode = FALSE
	EndGlobalSection
	GlobalSection(ExtensibilityGlobals) = postSolution
		SolutionGuid = {38B17463-D4BA-4181-8D86-8EE5CD102335}
	EndGlobalSection
EndGlobal
